<Solution>
  <Folder Name="/src/">
    <Project Path="src/Tosh.Cli/Tosh.Cli.csproj" />
    <Project Path="src/Tosh.Runtime/Tosh.Runtime.csproj" />
    <Project Path="src/Tosh.Language/Tosh.Language.csproj" />
    <Project Path="src/Tosh.LanguageServices/Tosh.LanguageServices.csproj" />
    <Project Path="src/Tosh.Lsp/Tosh.Lsp.csproj" />
    <Project Path="src/Tosh.Mcp/Tosh.Mcp.csproj" />
    <Project Path="src/Tosh.Stdlib/Tosh.Stdlib.csproj" />
    <Project Path="src/Tosh.Tui/Tosh.Tui.csproj" />
    <Project Path="src/Tosh.Tome/Tosh.Tome.csproj" />
    <Project Path="src/Tosh.Compiler/Tosh.Compiler.csproj" />
    <Project Path="src/Tosh.Compiler.Runtime/Tosh.Compiler.Runtime.csproj" />
    <Project Path="src/Tosh.Compiler.IR/Tosh.Compiler.IR.csproj" />
    <Project Path="src/Tosh.Sdk/Tosh.Sdk.csproj" />
    <Project Path="src/Tosh.Sdk.Tasks/Tosh.Sdk.Tasks.csproj" />
    <Project Path="src/Tosh.Templates/Tosh.Templates.csproj" />
  </Folder>
  <Folder Name="/tests/">
    <Project Path="tests/Tosh.LspFixture/Tosh.LspFixture.csproj" />
    <Project Path="tests/Tosh.Tests/Tosh.Tests.csproj" />
  </Folder>
  <Folder Name="/tools/">
    <Project Path="tools/Tosh.ParityCheck/Tosh.ParityCheck.csproj" />
    <Project Path="tools/Tosh.DevCompanion/Tosh.DevCompanion.csproj" />
  </Folder>
  <Folder Name="/bench/">
    <Project Path="bench/Tosh.Benchmarks/Tosh.Benchmarks.csproj" />
  </Folder>
</Solution>
