<Solution>
  <Folder Name="/src/">
    <Project Path="src/Tosh.Cli/Tosh.Cli.csproj" />
    <Project Path="src/Tosh.Runtime/Tosh.Runtime.csproj" />
    <Project Path="src/Tosh.Language/Tosh.Language.csproj" />
    <Project Path="src/Tosh.LanguageServices/Tosh.LanguageServices.csproj" />
    <Project Path="src/Tosh.Lsp/Tosh.Lsp.csproj" />
    <Project Path="src/Tosh.Mcp/Tosh.Mcp.csproj" />
    <Project Path="src/Tosh.Stdlib/Tosh.Stdlib.csproj" />
    <Project Path="src/Tosh.Tui/Tosh.Tui.csproj" />
    <Project Path="src/Tosh.Compiler/Tosh.Compiler.csproj" />
  </Folder>
  <Folder Name="/tests/">
    <Project Path="tests/Tosh.LspFixture/Tosh.LspFixture.csproj" />
    <Project Path="tests/Tosh.Tests/Tosh.Tests.csproj" />
  </Folder>
  <Folder Name="/bench/">
    <Project Path="bench/Tosh.Benchmarks/Tosh.Benchmarks.csproj" />
  </Folder>
</Solution>
